
Microsoft Visual Studio Solution File, Format Version 12.00
# Visual Studio 15
VisualStudioVersion = 15.0.28307.757
MinimumVisualStudioVersion = 10.0.40219.1
Project("{FAE04EC0-301F-11D3-BF4B-00C04F79EFBC}") = "CSF1WeekendHomework", "CSF1WeekendHomework\CSF1WeekendHomework.csproj", "{B8E4D241-2797-46F8-83AD-737C6B97E23B}"
EndProject
Global
	GlobalSection(SolutionConfigurationPlatforms) = preSolution
		Debug|Any CPU = Debug|Any CPU
		Release|Any CPU = Release|Any CPU
	EndGlobalSection
	GlobalSection(ProjectConfigurationPlatforms) = postSolution
		{B8E4D241-2797-46F8-83AD-737C6B97E23B}.Debug|Any CPU.ActiveCfg = Debug|Any CPU
		{B8E4D241-2797-46F8-83AD-737C6B97E23B}.Debug|Any CPU.Build.0 = Debug|Any CPU
		{B8E4D241-2797-46F8-83AD-737C6B97E23B}.Release|Any CPU.ActiveCfg = Release|Any CPU
		{B8E4D241-2797-46F8-83AD-737C6B97E23B}.Release|Any CPU.Build.0 = Release|Any CPU
	EndGlobalSection
	GlobalSection(SolutionProperties) = preSolution
		HideSolutionNode = FALSE
	EndGlobalSection
	GlobalSection(ExtensibilityGlobals) = postSolution
		SolutionGuid = {2614F304-A4C5-4929-AC83-478BFC530270}
	EndGlobalSection
EndGlobal
